
Microsoft Visual Studio Solution File, Format Version 12.00
# Visual Studio 15
VisualStudioVersion = 15.0.26124.0
MinimumVisualStudioVersion = 15.0.26124.0
Project("{FAE04EC0-301F-11D3-BF4B-00C04F79EFBC}") = "Day1.Part1", "Day1\Part1\Part1.csproj", "{603B8A7D-6BB0-4F4A-80BA-3DD13C058A10}"
EndProject
Project("{FAE04EC0-301F-11D3-BF4B-00C04F79EFBC}") = "Day1.Part2", "Day1\Part2\Part2.csproj", "{A20F59D6-FC7D-45A1-8480-B799968B9681}"
EndProject
Project("{FAE04EC0-301F-11D3-BF4B-00C04F79EFBC}") = "Day2.Part1", "Day2\Part1\Part1.csproj", "{73F2BE76-00A2-4866-8947-FE086A66D3EB}"
EndProject
Project("{2150E333-8FDC-42A3-9474-1A3956D46DE8}") = "Day2", "Day2", "{37543212-D1EB-4518-85DF-C383A0455B55}"
EndProject
Project("{FAE04EC0-301F-11D3-BF4B-00C04F79EFBC}") = "Part2", "Day2\Part2\Part2.csproj", "{8C765C32-E9AB-49D1-BF11-730723EEE028}"
EndProject
Project("{2150E333-8FDC-42A3-9474-1A3956D46DE8}") = "Day3", "Day3", "{DEE662BB-2323-4EFB-B70C-17317CB69AFA}"
EndProject
Project("{FAE04EC0-301F-11D3-BF4B-00C04F79EFBC}") = "Part1", "Day3\Part1\Part1.csproj", "{A0843DFB-62B2-422B-AC66-36DD1B6CC2AC}"
EndProject
Project("{FAE04EC0-301F-11D3-BF4B-00C04F79EFBC}") = "Part2", "Day3\Part2\Part2.csproj", "{EF9234BC-31C9-4643-8B30-8ABDC6AD5B3C}"
EndProject
Global
	GlobalSection(SolutionConfigurationPlatforms) = preSolution
		Debug|Any CPU = Debug|Any CPU
		Debug|x64 = Debug|x64
		Debug|x86 = Debug|x86
		Release|Any CPU = Release|Any CPU
		Release|x64 = Release|x64
		Release|x86 = Release|x86
	EndGlobalSection
	GlobalSection(SolutionProperties) = preSolution
		HideSolutionNode = FALSE
	EndGlobalSection
	GlobalSection(ProjectConfigurationPlatforms) = postSolution
		{603B8A7D-6BB0-4F4A-80BA-3DD13C058A10}.Debug|Any CPU.ActiveCfg = Debug|Any CPU
		{603B8A7D-6BB0-4F4A-80BA-3DD13C058A10}.Debug|Any CPU.Build.0 = Debug|Any CPU
		{603B8A7D-6BB0-4F4A-80BA-3DD13C058A10}.Debug|x64.ActiveCfg = Debug|Any CPU
		{603B8A7D-6BB0-4F4A-80BA-3DD13C058A10}.Debug|x64.Build.0 = Debug|Any CPU
		{603B8A7D-6BB0-4F4A-80BA-3DD13C058A10}.Debug|x86.ActiveCfg = Debug|Any CPU
		{603B8A7D-6BB0-4F4A-80BA-3DD13C058A10}.Debug|x86.Build.0 = Debug|Any CPU
		{603B8A7D-6BB0-4F4A-80BA-3DD13C058A10}.Release|Any CPU.ActiveCfg = Release|Any CPU
		{603B8A7D-6BB0-4F4A-80BA-3DD13C058A10}.Release|Any CPU.Build.0 = Release|Any CPU
		{603B8A7D-6BB0-4F4A-80BA-3DD13C058A10}.Release|x64.ActiveCfg = Release|Any CPU
		{603B8A7D-6BB0-4F4A-80BA-3DD13C058A10}.Release|x64.Build.0 = Release|Any CPU
		{603B8A7D-6BB0-4F4A-80BA-3DD13C058A10}.Release|x86.ActiveCfg = Release|Any CPU
		{603B8A7D-6BB0-4F4A-80BA-3DD13C058A10}.Release|x86.Build.0 = Release|Any CPU
		{A20F59D6-FC7D-45A1-8480-B799968B9681}.Debug|Any CPU.ActiveCfg = Debug|Any CPU
		{A20F59D6-FC7D-45A1-8480-B799968B9681}.Debug|Any CPU.Build.0 = Debug|Any CPU
		{A20F59D6-FC7D-45A1-8480-B799968B9681}.Debug|x64.ActiveCfg = Debug|Any CPU
		{A20F59D6-FC7D-45A1-8480-B799968B9681}.Debug|x64.Build.0 = Debug|Any CPU
		{A20F59D6-FC7D-45A1-8480-B799968B9681}.Debug|x86.ActiveCfg = Debug|Any CPU
		{A20F59D6-FC7D-45A1-8480-B799968B9681}.Debug|x86.Build.0 = Debug|Any CPU
		{A20F59D6-FC7D-45A1-8480-B799968B9681}.Release|Any CPU.ActiveCfg = Release|Any CPU
		{A20F59D6-FC7D-45A1-8480-B799968B9681}.Release|Any CPU.Build.0 = Release|Any CPU
		{A20F59D6-FC7D-45A1-8480-B799968B9681}.Release|x64.ActiveCfg = Release|Any CPU
		{A20F59D6-FC7D-45A1-8480-B799968B9681}.Release|x64.Build.0 = Release|Any CPU
		{A20F59D6-FC7D-45A1-8480-B799968B9681}.Release|x86.ActiveCfg = Release|Any CPU
		{A20F59D6-FC7D-45A1-8480-B799968B9681}.Release|x86.Build.0 = Release|Any CPU
		{73F2BE76-00A2-4866-8947-FE086A66D3EB}.Debug|Any CPU.ActiveCfg = Debug|Any CPU
		{73F2BE76-00A2-4866-8947-FE086A66D3EB}.Debug|Any CPU.Build.0 = Debug|Any CPU
		{73F2BE76-00A2-4866-8947-FE086A66D3EB}.Debug|x64.ActiveCfg = Debug|Any CPU
		{73F2BE76-00A2-4866-8947-FE086A66D3EB}.Debug|x64.Build.0 = Debug|Any CPU
		{73F2BE76-00A2-4866-8947-FE086A66D3EB}.Debug|x86.ActiveCfg = Debug|Any CPU
		{73F2BE76-00A2-4866-8947-FE086A66D3EB}.Debug|x86.Build.0 = Debug|Any CPU
		{73F2BE76-00A2-4866-8947-FE086A66D3EB}.Release|Any CPU.ActiveCfg = Release|Any CPU
		{73F2BE76-00A2-4866-8947-FE086A66D3EB}.Release|Any CPU.Build.0 = Release|Any CPU
		{73F2BE76-00A2-4866-8947-FE086A66D3EB}.Release|x64.ActiveCfg = Release|Any CPU
		{73F2BE76-00A2-4866-8947-FE086A66D3EB}.Release|x64.Build.0 = Release|Any CPU
		{73F2BE76-00A2-4866-8947-FE086A66D3EB}.Release|x86.ActiveCfg = Release|Any CPU
		{73F2BE76-00A2-4866-8947-FE086A66D3EB}.Release|x86.Build.0 = Release|Any CPU
		{8C765C32-E9AB-49D1-BF11-730723EEE028}.Debug|Any CPU.ActiveCfg = Debug|Any CPU
		{8C765C32-E9AB-49D1-BF11-730723EEE028}.Debug|Any CPU.Build.0 = Debug|Any CPU
		{8C765C32-E9AB-49D1-BF11-730723EEE028}.Debug|x64.ActiveCfg = Debug|Any CPU
		{8C765C32-E9AB-49D1-BF11-730723EEE028}.Debug|x64.Build.0 = Debug|Any CPU
		{8C765C32-E9AB-49D1-BF11-730723EEE028}.Debug|x86.ActiveCfg = Debug|Any CPU
		{8C765C32-E9AB-49D1-BF11-730723EEE028}.Debug|x86.Build.0 = Debug|Any CPU
		{8C765C32-E9AB-49D1-BF11-730723EEE028}.Release|Any CPU.ActiveCfg = Release|Any CPU
		{8C765C32-E9AB-49D1-BF11-730723EEE028}.Release|Any CPU.Build.0 = Release|Any CPU
		{8C765C32-E9AB-49D1-BF11-730723EEE028}.Release|x64.ActiveCfg = Release|Any CPU
		{8C765C32-E9AB-49D1-BF11-730723EEE028}.Release|x64.Build.0 = Release|Any CPU
		{8C765C32-E9AB-49D1-BF11-730723EEE028}.Release|x86.ActiveCfg = Release|Any CPU
		{8C765C32-E9AB-49D1-BF11-730723EEE028}.Release|x86.Build.0 = Release|Any CPU
		{A0843DFB-62B2-422B-AC66-36DD1B6CC2AC}.Debug|Any CPU.ActiveCfg = Debug|Any CPU
		{A0843DFB-62B2-422B-AC66-36DD1B6CC2AC}.Debug|Any CPU.Build.0 = Debug|Any CPU
		{A0843DFB-62B2-422B-AC66-36DD1B6CC2AC}.Debug|x64.ActiveCfg = Debug|Any CPU
		{A0843DFB-62B2-422B-AC66-36DD1B6CC2AC}.Debug|x64.Build.0 = Debug|Any CPU
		{A0843DFB-62B2-422B-AC66-36DD1B6CC2AC}.Debug|x86.ActiveCfg = Debug|Any CPU
		{A0843DFB-62B2-422B-AC66-36DD1B6CC2AC}.Debug|x86.Build.0 = Debug|Any CPU
		{A0843DFB-62B2-422B-AC66-36DD1B6CC2AC}.Release|Any CPU.ActiveCfg = Release|Any CPU
		{A0843DFB-62B2-422B-AC66-36DD1B6CC2AC}.Release|Any CPU.Build.0 = Release|Any CPU
		{A0843DFB-62B2-422B-AC66-36DD1B6CC2AC}.Release|x64.ActiveCfg = Release|Any CPU
		{A0843DFB-62B2-422B-AC66-36DD1B6CC2AC}.Release|x64.Build.0 = Release|Any CPU
		{A0843DFB-62B2-422B-AC66-36DD1B6CC2AC}.Release|x86.ActiveCfg = Release|Any CPU
		{A0843DFB-62B2-422B-AC66-36DD1B6CC2AC}.Release|x86.Build.0 = Release|Any CPU
		{EF9234BC-31C9-4643-8B30-8ABDC6AD5B3C}.Debug|Any CPU.ActiveCfg = Debug|Any CPU
		{EF9234BC-31C9-4643-8B30-8ABDC6AD5B3C}.Debug|Any CPU.Build.0 = Debug|Any CPU
		{EF9234BC-31C9-4643-8B30-8ABDC6AD5B3C}.Debug|x64.ActiveCfg = Debug|Any CPU
		{EF9234BC-31C9-4643-8B30-8ABDC6AD5B3C}.Debug|x64.Build.0 = Debug|Any CPU
		{EF9234BC-31C9-4643-8B30-8ABDC6AD5B3C}.Debug|x86.ActiveCfg = Debug|Any CPU
		{EF9234BC-31C9-4643-8B30-8ABDC6AD5B3C}.Debug|x86.Build.0 = Debug|Any CPU
		{EF9234BC-31C9-4643-8B30-8ABDC6AD5B3C}.Release|Any CPU.ActiveCfg = Release|Any CPU
		{EF9234BC-31C9-4643-8B30-8ABDC6AD5B3C}.Release|Any CPU.Build.0 = Release|Any CPU
		{EF9234BC-31C9-4643-8B30-8ABDC6AD5B3C}.Release|x64.ActiveCfg = Release|Any CPU
		{EF9234BC-31C9-4643-8B30-8ABDC6AD5B3C}.Release|x64.Build.0 = Release|Any CPU
		{EF9234BC-31C9-4643-8B30-8ABDC6AD5B3C}.Release|x86.ActiveCfg = Release|Any CPU
		{EF9234BC-31C9-4643-8B30-8ABDC6AD5B3C}.Release|x86.Build.0 = Release|Any CPU
	EndGlobalSection
	GlobalSection(NestedProjects) = preSolution
		{8C765C32-E9AB-49D1-BF11-730723EEE028} = {37543212-D1EB-4518-85DF-C383A0455B55}
		{A0843DFB-62B2-422B-AC66-36DD1B6CC2AC} = {DEE662BB-2323-4EFB-B70C-17317CB69AFA}
		{EF9234BC-31C9-4643-8B30-8ABDC6AD5B3C} = {DEE662BB-2323-4EFB-B70C-17317CB69AFA}
	EndGlobalSection
EndGlobal
